
Microsoft Visual Studio Solution File, Format Version 12.00
# Visual Studio Version 17
VisualStudioVersion = 17.7.34221.43
MinimumVisualStudioVersion = 10.0.40219.1
Project("{FAE04EC0-301F-11D3-BF4B-00C04F79EFBC}") = "LearningWebApp", "LearningWebApp\LearningWebApp.csproj", "{37B8D673-F622-45A3-A05B-2F3EDFD96C39}"
EndProject
Global
	GlobalSection(SolutionConfigurationPlatforms) = preSolution
		Debug|Any CPU = Debug|Any CPU
		Release|Any CPU = Release|Any CPU
	EndGlobalSection
	GlobalSection(ProjectConfigurationPlatforms) = postSolution
		{37B8D673-F622-45A3-A05B-2F3EDFD96C39}.Debug|Any CPU.ActiveCfg = Debug|Any CPU
		{37B8D673-F622-45A3-A05B-2F3EDFD96C39}.Debug|Any CPU.Build.0 = Debug|Any CPU
		{37B8D673-F622-45A3-A05B-2F3EDFD96C39}.Release|Any CPU.ActiveCfg = Release|Any CPU
		{37B8D673-F622-45A3-A05B-2F3EDFD96C39}.Release|Any CPU.Build.0 = Release|Any CPU
	EndGlobalSection
	GlobalSection(SolutionProperties) = preSolution
		HideSolutionNode = FALSE
	EndGlobalSection
	GlobalSection(ExtensibilityGlobals) = postSolution
		SolutionGuid = {C9E0A01C-7CD5-4E93-9888-ED65CA07FFD2}
	EndGlobalSection
EndGlobal
